
Microsoft Visual Studio Solution File, Format Version 12.00
# Visual Studio Version 16
VisualStudioVersion = 16.0.29728.190
MinimumVisualStudioVersion = 10.0.40219.1
Project("{FAE04EC0-301F-11D3-BF4B-00C04F79EFBC}") = "WieFileManager", "WieFileManager\WieFileManager.csproj", "{639B4524-BDD4-4A35-AEA5-D1B57AACA691}"
EndProject
Project("{FAE04EC0-301F-11D3-BF4B-00C04F79EFBC}") = "FileSearch", "FileSearch\FileSearch.csproj", "{4707F0AC-DE3B-4517-AD39-A843C183B691}"
EndProject
Global
	GlobalSection(SolutionConfigurationPlatforms) = preSolution
		Debug|Any CPU = Debug|Any CPU
		Release|Any CPU = Release|Any CPU
	EndGlobalSection
	GlobalSection(ProjectConfigurationPlatforms) = postSolution
		{639B4524-BDD4-4A35-AEA5-D1B57AACA691}.Debug|Any CPU.ActiveCfg = Debug|Any CPU
		{639B4524-BDD4-4A35-AEA5-D1B57AACA691}.Debug|Any CPU.Build.0 = Debug|Any CPU
		{639B4524-BDD4-4A35-AEA5-D1B57AACA691}.Release|Any CPU.ActiveCfg = Release|Any CPU
		{639B4524-BDD4-4A35-AEA5-D1B57AACA691}.Release|Any CPU.Build.0 = Release|Any CPU
		{4707F0AC-DE3B-4517-AD39-A843C183B691}.Debug|Any CPU.ActiveCfg = Debug|Any CPU
		{4707F0AC-DE3B-4517-AD39-A843C183B691}.Debug|Any CPU.Build.0 = Debug|Any CPU
		{4707F0AC-DE3B-4517-AD39-A843C183B691}.Release|Any CPU.ActiveCfg = Release|Any CPU
		{4707F0AC-DE3B-4517-AD39-A843C183B691}.Release|Any CPU.Build.0 = Release|Any CPU
	EndGlobalSection
	GlobalSection(SolutionProperties) = preSolution
		HideSolutionNode = FALSE
	EndGlobalSection
	GlobalSection(ExtensibilityGlobals) = postSolution
		SolutionGuid = {44985EC8-081F-40F7-A5F7-06B37C070D44}
	EndGlobalSection
EndGlobal
